
Microsoft Visual Studio Solution File, Format Version 12.00
# Visual Studio Version 16
VisualStudioVersion = 16.0.30804.86
MinimumVisualStudioVersion = 10.0.40219.1
Project("{9A19103F-16F7-4668-BE54-9A1E7A4F7556}") = "chat", "chat\chat.csproj", "{861214CF-FEA4-4ED2-993A-BFF8E74660CF}"
EndProject
Project("{9A19103F-16F7-4668-BE54-9A1E7A4F7556}") = "chat.Client", "chat.Client\chat.Client.csproj", "{929D9733-5660-4933-B9BC-B4487CC53CCA}"
EndProject
Global
	GlobalSection(SolutionConfigurationPlatforms) = preSolution
		Debug|Any CPU = Debug|Any CPU
		Release|Any CPU = Release|Any CPU
	EndGlobalSection
	GlobalSection(ProjectConfigurationPlatforms) = postSolution
		{861214CF-FEA4-4ED2-993A-BFF8E74660CF}.Debug|Any CPU.ActiveCfg = Debug|Any CPU
		{861214CF-FEA4-4ED2-993A-BFF8E74660CF}.Debug|Any CPU.Build.0 = Debug|Any CPU
		{861214CF-FEA4-4ED2-993A-BFF8E74660CF}.Release|Any CPU.ActiveCfg = Release|Any CPU
		{861214CF-FEA4-4ED2-993A-BFF8E74660CF}.Release|Any CPU.Build.0 = Release|Any CPU
		{929D9733-5660-4933-B9BC-B4487CC53CCA}.Debug|Any CPU.ActiveCfg = Debug|Any CPU
		{929D9733-5660-4933-B9BC-B4487CC53CCA}.Debug|Any CPU.Build.0 = Debug|Any CPU
		{929D9733-5660-4933-B9BC-B4487CC53CCA}.Release|Any CPU.ActiveCfg = Release|Any CPU
		{929D9733-5660-4933-B9BC-B4487CC53CCA}.Release|Any CPU.Build.0 = Release|Any CPU
	EndGlobalSection
	GlobalSection(SolutionProperties) = preSolution
		HideSolutionNode = FALSE
	EndGlobalSection
	GlobalSection(ExtensibilityGlobals) = postSolution
		SolutionGuid = {F462DA4A-6ACC-471A-B390-B0208DE185B2}
	EndGlobalSection
EndGlobal
